
Microsoft Visual Studio Solution File, Format Version 12.00
# Visual Studio Express 14 for Windows Desktop
VisualStudioVersion = 14.0.23107.0
MinimumVisualStudioVersion = 10.0.40219.1
Project("{FAE04EC0-301F-11D3-BF4B-00C04F79EFBC}") = "02.Laptop Shop", "02.Laptop Shop\02.Laptop Shop.csproj", "{C5EEE232-51DF-4088-B331-C7DB132B3E91}"
EndProject
Project("{FAE04EC0-301F-11D3-BF4B-00C04F79EFBC}") = "01.Person", "01.Person\01.Person.csproj", "{CBABCB06-CEEC-44E9-83B3-CC3A90510FCB}"
EndProject
Project("{FAE04EC0-301F-11D3-BF4B-00C04F79EFBC}") = "03.Pc Catalog", "03.Pc Catalog\03.Pc Catalog.csproj", "{8BDCA59F-8833-45E4-95B6-E8D039E859A4}"
EndProject
Global
	GlobalSection(SolutionConfigurationPlatforms) = preSolution
		Debug|Any CPU = Debug|Any CPU
		Release|Any CPU = Release|Any CPU
	EndGlobalSection
	GlobalSection(ProjectConfigurationPlatforms) = postSolution
		{C5EEE232-51DF-4088-B331-C7DB132B3E91}.Debug|Any CPU.ActiveCfg = Debug|Any CPU
		{C5EEE232-51DF-4088-B331-C7DB132B3E91}.Debug|Any CPU.Build.0 = Debug|Any CPU
		{C5EEE232-51DF-4088-B331-C7DB132B3E91}.Release|Any CPU.ActiveCfg = Release|Any CPU
		{C5EEE232-51DF-4088-B331-C7DB132B3E91}.Release|Any CPU.Build.0 = Release|Any CPU
		{CBABCB06-CEEC-44E9-83B3-CC3A90510FCB}.Debug|Any CPU.ActiveCfg = Debug|Any CPU
		{CBABCB06-CEEC-44E9-83B3-CC3A90510FCB}.Debug|Any CPU.Build.0 = Debug|Any CPU
		{CBABCB06-CEEC-44E9-83B3-CC3A90510FCB}.Release|Any CPU.ActiveCfg = Release|Any CPU
		{CBABCB06-CEEC-44E9-83B3-CC3A90510FCB}.Release|Any CPU.Build.0 = Release|Any CPU
		{8BDCA59F-8833-45E4-95B6-E8D039E859A4}.Debug|Any CPU.ActiveCfg = Debug|Any CPU
		{8BDCA59F-8833-45E4-95B6-E8D039E859A4}.Debug|Any CPU.Build.0 = Debug|Any CPU
		{8BDCA59F-8833-45E4-95B6-E8D039E859A4}.Release|Any CPU.ActiveCfg = Release|Any CPU
		{8BDCA59F-8833-45E4-95B6-E8D039E859A4}.Release|Any CPU.Build.0 = Release|Any CPU
	EndGlobalSection
	GlobalSection(SolutionProperties) = preSolution
		HideSolutionNode = FALSE
	EndGlobalSection
EndGlobal
